
Microsoft Visual Studio Solution File, Format Version 12.00
# Visual Studio Version 17
VisualStudioVersion = 17.14.36429.23 d17.14
MinimumVisualStudioVersion = 10.0.40219.1
Project("{FAE04EC0-301F-11D3-BF4B-00C04F79EFBC}") = "Entities-DTO", "Entities-DTO\Entities-DTO.csproj", "{6F6CB42C-4EB8-4E4E-AEC2-F0DFE5549471}"
EndProject
Project("{2150E333-8FDC-42A3-9474-1A3956D46DE8}") = "0_Entities", "0_Entities", "{02EA681E-C7D8-13C7-8484-4AC65E1B71E8}"
EndProject
Project("{2150E333-8FDC-42A3-9474-1A3956D46DE8}") = "1_DataAccess", "1_DataAccess", "{19ACDA9C-FB6E-433C-A616-8ECF0FF4248C}"
EndProject
Project("{2150E333-8FDC-42A3-9474-1A3956D46DE8}") = "2_CoreApp", "2_CoreApp", "{6FC317AF-47C2-4DD0-A15D-381429C7A899}"
EndProject
Project("{2150E333-8FDC-42A3-9474-1A3956D46DE8}") = "3_WebAPI", "3_WebAPI", "{2B72E2FC-2C3C-4247-B6DF-AC1B5348221A}"
EndProject
Project("{2150E333-8FDC-42A3-9474-1A3956D46DE8}") = "4_WebAPP", "4_WebAPP", "{EC2E06CE-8E60-4E03-970B-D7E5C0F3B75C}"
EndProject
Project("{2150E333-8FDC-42A3-9474-1A3956D46DE8}") = "99_TestingDev", "99_TestingDev", "{7B143F8E-CD25-47F8-99AD-6426F9524E10}"
EndProject
Project("{FAE04EC0-301F-11D3-BF4B-00C04F79EFBC}") = "DataAccess", "DataAccess\DataAccess.csproj", "{6229D75B-094E-4B22-8777-662DACE29785}"
EndProject
Project("{FAE04EC0-301F-11D3-BF4B-00C04F79EFBC}") = "CoreApp", "CoreApp\CoreApp.csproj", "{4921EF49-A24F-4EEC-BFCB-05E2F400F015}"
EndProject
Project("{FAE04EC0-301F-11D3-BF4B-00C04F79EFBC}") = "WebAPI", "WebAPI\WebAPI.csproj", "{6552AC53-EBF7-4648-B141-AEB96DE27D4D}"
EndProject
Project("{FAE04EC0-301F-11D3-BF4B-00C04F79EFBC}") = "WebAPP", "WebAPP\WebAPP.csproj", "{0241C43A-8968-455D-B636-34F0D9F6E287}"
EndProject
Project("{FAE04EC0-301F-11D3-BF4B-00C04F79EFBC}") = "Tester", "Tester\Tester.csproj", "{9BBE8A74-ECCF-4C53-AD3B-5116B657CB5B}"
EndProject
Global
	GlobalSection(SolutionConfigurationPlatforms) = preSolution
		Debug|Any CPU = Debug|Any CPU
		Release|Any CPU = Release|Any CPU
	EndGlobalSection
	GlobalSection(ProjectConfigurationPlatforms) = postSolution
		{6F6CB42C-4EB8-4E4E-AEC2-F0DFE5549471}.Debug|Any CPU.ActiveCfg = Debug|Any CPU
		{6F6CB42C-4EB8-4E4E-AEC2-F0DFE5549471}.Debug|Any CPU.Build.0 = Debug|Any CPU
		{6F6CB42C-4EB8-4E4E-AEC2-F0DFE5549471}.Release|Any CPU.ActiveCfg = Release|Any CPU
		{6F6CB42C-4EB8-4E4E-AEC2-F0DFE5549471}.Release|Any CPU.Build.0 = Release|Any CPU
		{6229D75B-094E-4B22-8777-662DACE29785}.Debug|Any CPU.ActiveCfg = Debug|Any CPU
		{6229D75B-094E-4B22-8777-662DACE29785}.Debug|Any CPU.Build.0 = Debug|Any CPU
		{6229D75B-094E-4B22-8777-662DACE29785}.Release|Any CPU.ActiveCfg = Release|Any CPU
		{6229D75B-094E-4B22-8777-662DACE29785}.Release|Any CPU.Build.0 = Release|Any CPU
		{4921EF49-A24F-4EEC-BFCB-05E2F400F015}.Debug|Any CPU.ActiveCfg = Debug|Any CPU
		{4921EF49-A24F-4EEC-BFCB-05E2F400F015}.Debug|Any CPU.Build.0 = Debug|Any CPU
		{4921EF49-A24F-4EEC-BFCB-05E2F400F015}.Release|Any CPU.ActiveCfg = Release|Any CPU
		{4921EF49-A24F-4EEC-BFCB-05E2F400F015}.Release|Any CPU.Build.0 = Release|Any CPU
		{6552AC53-EBF7-4648-B141-AEB96DE27D4D}.Debug|Any CPU.ActiveCfg = Debug|Any CPU
		{6552AC53-EBF7-4648-B141-AEB96DE27D4D}.Debug|Any CPU.Build.0 = Debug|Any CPU
		{6552AC53-EBF7-4648-B141-AEB96DE27D4D}.Release|Any CPU.ActiveCfg = Release|Any CPU
		{6552AC53-EBF7-4648-B141-AEB96DE27D4D}.Release|Any CPU.Build.0 = Release|Any CPU
		{0241C43A-8968-455D-B636-34F0D9F6E287}.Debug|Any CPU.ActiveCfg = Debug|Any CPU
		{0241C43A-8968-455D-B636-34F0D9F6E287}.Debug|Any CPU.Build.0 = Debug|Any CPU
		{0241C43A-8968-455D-B636-34F0D9F6E287}.Release|Any CPU.ActiveCfg = Release|Any CPU
		{0241C43A-8968-455D-B636-34F0D9F6E287}.Release|Any CPU.Build.0 = Release|Any CPU
		{9BBE8A74-ECCF-4C53-AD3B-5116B657CB5B}.Debug|Any CPU.ActiveCfg = Debug|Any CPU
		{9BBE8A74-ECCF-4C53-AD3B-5116B657CB5B}.Debug|Any CPU.Build.0 = Debug|Any CPU
		{9BBE8A74-ECCF-4C53-AD3B-5116B657CB5B}.Release|Any CPU.ActiveCfg = Release|Any CPU
		{9BBE8A74-ECCF-4C53-AD3B-5116B657CB5B}.Release|Any CPU.Build.0 = Release|Any CPU
	EndGlobalSection
	GlobalSection(SolutionProperties) = preSolution
		HideSolutionNode = FALSE
	EndGlobalSection
	GlobalSection(NestedProjects) = preSolution
		{6F6CB42C-4EB8-4E4E-AEC2-F0DFE5549471} = {02EA681E-C7D8-13C7-8484-4AC65E1B71E8}
		{6229D75B-094E-4B22-8777-662DACE29785} = {19ACDA9C-FB6E-433C-A616-8ECF0FF4248C}
		{4921EF49-A24F-4EEC-BFCB-05E2F400F015} = {6FC317AF-47C2-4DD0-A15D-381429C7A899}
		{6552AC53-EBF7-4648-B141-AEB96DE27D4D} = {2B72E2FC-2C3C-4247-B6DF-AC1B5348221A}
		{0241C43A-8968-455D-B636-34F0D9F6E287} = {EC2E06CE-8E60-4E03-970B-D7E5C0F3B75C}
		{9BBE8A74-ECCF-4C53-AD3B-5116B657CB5B} = {7B143F8E-CD25-47F8-99AD-6426F9524E10}
	EndGlobalSection
	GlobalSection(ExtensibilityGlobals) = postSolution
		SolutionGuid = {FC3AEC55-1DF0-4FFF-A3B4-CD78E983EBF7}
	EndGlobalSection
EndGlobal
