
Microsoft Visual Studio Solution File, Format Version 12.00
# Visual Studio Version 17
VisualStudioVersion = 17.14.36429.23
MinimumVisualStudioVersion = 10.0.40219.1
Project("{FAE04EC0-301F-11D3-BF4B-00C04F79EFBC}") = "Entities-DTO", "Entities-DTO\Entities-DTO.csproj", "{FCBDEF2F-1241-4E31-9195-F594CA989CA0}"
EndProject
Project("{2150E333-8FDC-42A3-9474-1A3956D46DE8}") = "0_Entities", "0_Entities", "{02EA681E-C7D8-13C7-8484-4AC65E1B71E8}"
EndProject
Project("{2150E333-8FDC-42A3-9474-1A3956D46DE8}") = "1_DataAccess", "1_DataAccess", "{FF45BF9D-F3D2-4511-8BD8-C6DB2D12792F}"
EndProject
Project("{2150E333-8FDC-42A3-9474-1A3956D46DE8}") = "2_CoreApp", "2_CoreApp", "{CD6A5446-71E5-4222-A550-8E6526800EE9}"
EndProject
Project("{2150E333-8FDC-42A3-9474-1A3956D46DE8}") = "3_WebAPI", "3_WebAPI", "{6F6A28A9-36F8-434E-B86C-161271565ECE}"
EndProject
Project("{2150E333-8FDC-42A3-9474-1A3956D46DE8}") = "4_WebApp", "4_WebApp", "{976C1BB9-411B-4986-AF3D-7793189D10C6}"
EndProject
Project("{2150E333-8FDC-42A3-9474-1A3956D46DE8}") = "99_TestingDev", "99_TestingDev", "{E807356A-9EBA-4992-BBC7-74EF07FE4FFE}"
EndProject
Project("{FAE04EC0-301F-11D3-BF4B-00C04F79EFBC}") = "DataAccess", "DataAccess\DataAccess.csproj", "{DD65EEC9-33C9-4F16-A684-C20B70AA8361}"
EndProject
Project("{FAE04EC0-301F-11D3-BF4B-00C04F79EFBC}") = "CoreApp", "CoreApp\CoreApp.csproj", "{B5C0F76C-561F-40EB-B060-A94778D723CD}"
EndProject
Project("{FAE04EC0-301F-11D3-BF4B-00C04F79EFBC}") = "Tester", "Tester\Tester.csproj", "{9A4DD67C-ABCC-45F7-A76E-B68F07BCF727}"
EndProject
Project("{FAE04EC0-301F-11D3-BF4B-00C04F79EFBC}") = "WebAPI", "WebAPI\WebAPI.csproj", "{334D1A9F-B24C-437D-ADDA-1F648FBC31A8}"
EndProject
Project("{FAE04EC0-301F-11D3-BF4B-00C04F79EFBC}") = "WebAPP", "WebAPP\WebAPP.csproj", "{E82907C1-F5A2-4540-9948-DB0B681A64CE}"
EndProject
Project("{2150E333-8FDC-42A3-9474-1A3956D46DE8}") = "Solution Items", "Solution Items", "{8EC462FD-D22E-90A8-E5CE-7E832BA40C5D}"
	ProjectSection(SolutionItems) = preProject
		Conteo.ps1 = Conteo.ps1
	EndProjectSection
EndProject
Global
	GlobalSection(SolutionConfigurationPlatforms) = preSolution
		Debug|Any CPU = Debug|Any CPU
		Release|Any CPU = Release|Any CPU
	EndGlobalSection
	GlobalSection(ProjectConfigurationPlatforms) = postSolution
		{FCBDEF2F-1241-4E31-9195-F594CA989CA0}.Debug|Any CPU.ActiveCfg = Debug|Any CPU
		{FCBDEF2F-1241-4E31-9195-F594CA989CA0}.Debug|Any CPU.Build.0 = Debug|Any CPU
		{FCBDEF2F-1241-4E31-9195-F594CA989CA0}.Release|Any CPU.ActiveCfg = Release|Any CPU
		{FCBDEF2F-1241-4E31-9195-F594CA989CA0}.Release|Any CPU.Build.0 = Release|Any CPU
		{DD65EEC9-33C9-4F16-A684-C20B70AA8361}.Debug|Any CPU.ActiveCfg = Debug|Any CPU
		{DD65EEC9-33C9-4F16-A684-C20B70AA8361}.Debug|Any CPU.Build.0 = Debug|Any CPU
		{DD65EEC9-33C9-4F16-A684-C20B70AA8361}.Release|Any CPU.ActiveCfg = Release|Any CPU
		{DD65EEC9-33C9-4F16-A684-C20B70AA8361}.Release|Any CPU.Build.0 = Release|Any CPU
		{B5C0F76C-561F-40EB-B060-A94778D723CD}.Debug|Any CPU.ActiveCfg = Debug|Any CPU
		{B5C0F76C-561F-40EB-B060-A94778D723CD}.Debug|Any CPU.Build.0 = Debug|Any CPU
		{B5C0F76C-561F-40EB-B060-A94778D723CD}.Release|Any CPU.ActiveCfg = Release|Any CPU
		{B5C0F76C-561F-40EB-B060-A94778D723CD}.Release|Any CPU.Build.0 = Release|Any CPU
		{9A4DD67C-ABCC-45F7-A76E-B68F07BCF727}.Debug|Any CPU.ActiveCfg = Debug|Any CPU
		{9A4DD67C-ABCC-45F7-A76E-B68F07BCF727}.Debug|Any CPU.Build.0 = Debug|Any CPU
		{9A4DD67C-ABCC-45F7-A76E-B68F07BCF727}.Release|Any CPU.ActiveCfg = Release|Any CPU
		{9A4DD67C-ABCC-45F7-A76E-B68F07BCF727}.Release|Any CPU.Build.0 = Release|Any CPU
		{334D1A9F-B24C-437D-ADDA-1F648FBC31A8}.Debug|Any CPU.ActiveCfg = Debug|Any CPU
		{334D1A9F-B24C-437D-ADDA-1F648FBC31A8}.Debug|Any CPU.Build.0 = Debug|Any CPU
		{334D1A9F-B24C-437D-ADDA-1F648FBC31A8}.Release|Any CPU.ActiveCfg = Release|Any CPU
		{334D1A9F-B24C-437D-ADDA-1F648FBC31A8}.Release|Any CPU.Build.0 = Release|Any CPU
		{E82907C1-F5A2-4540-9948-DB0B681A64CE}.Debug|Any CPU.ActiveCfg = Debug|Any CPU
		{E82907C1-F5A2-4540-9948-DB0B681A64CE}.Debug|Any CPU.Build.0 = Debug|Any CPU
		{E82907C1-F5A2-4540-9948-DB0B681A64CE}.Release|Any CPU.ActiveCfg = Release|Any CPU
		{E82907C1-F5A2-4540-9948-DB0B681A64CE}.Release|Any CPU.Build.0 = Release|Any CPU
	EndGlobalSection
	GlobalSection(SolutionProperties) = preSolution
		HideSolutionNode = FALSE
	EndGlobalSection
	GlobalSection(NestedProjects) = preSolution
		{FCBDEF2F-1241-4E31-9195-F594CA989CA0} = {02EA681E-C7D8-13C7-8484-4AC65E1B71E8}
		{DD65EEC9-33C9-4F16-A684-C20B70AA8361} = {FF45BF9D-F3D2-4511-8BD8-C6DB2D12792F}
		{B5C0F76C-561F-40EB-B060-A94778D723CD} = {CD6A5446-71E5-4222-A550-8E6526800EE9}
		{9A4DD67C-ABCC-45F7-A76E-B68F07BCF727} = {E807356A-9EBA-4992-BBC7-74EF07FE4FFE}
		{334D1A9F-B24C-437D-ADDA-1F648FBC31A8} = {6F6A28A9-36F8-434E-B86C-161271565ECE}
		{E82907C1-F5A2-4540-9948-DB0B681A64CE} = {976C1BB9-411B-4986-AF3D-7793189D10C6}
	EndGlobalSection
	GlobalSection(ExtensibilityGlobals) = postSolution
		SolutionGuid = {91516F5B-8294-4DA1-ACB9-B0ADF0C79F29}
	EndGlobalSection
EndGlobal
